# Tested direct dependencies and critical transitive dependencies (Python 3.12, Linux).
fastapi==0.141.1
uvicorn==0.54.0
starlette==1.7.0
pydantic==2.13.5
pydantic-core==2.46.5
python-multipart==0.0.32
argon2-cffi==25.1.0
argon2-cffi-bindings==26.1.0
vnpy==4.4.0
vnpy_ctp==6.7.11.4
vnpy_ctastrategy==1.4.1
vnpy_sqlite==1.1.3
peewee==4.5.2
numpy==2.5.3
pandas==3.0.6
ta-lib==0.8.1
pyzmq==27.2.0
pytest==9.1.1
httpx==0.28.1
